// !$*UTF8*$!
{
	archiveVersion = 1;
	classes = {
	};
	objectVersion = 46;
	objects = {

/* Begin PBXBuildFile section */
		2FFFFABB1DBA5B2B00EBD3FD /* main.m in Sources */ = {isa = PBXBuildFile; fileRef = 2FFFFABA1DBA5B2B00EBD3FD /* main.m */; };
		2FFFFABE1DBA5B2B00EBD3FD /* AppDelegate.m in Sources */ = {isa = PBXBuildFile; fileRef = 2FFFFABD1DBA5B2B00EBD3FD /* AppDelegate.m */; };
		2FFFFAC11DBA5B2B00EBD3FD /* ViewController.m in Sources */ = {isa = PBXBuildFile; fileRef = 2FFFFAC01DBA5B2B00EBD3FD /* ViewController.m */; };
		2FFFFAC41DBA5B2B00EBD3FD /* Main.storyboard in Resources */ = {isa = PBXBuildFile; fileRef = 2FFFFAC21DBA5B2B00EBD3FD /* Main.storyboard */; };
		2FFFFAC61DBA5B2B00EBD3FD /* Assets.xcassets in Resources */ = {isa = PBXBuildFile; fileRef = 2FFFFAC51DBA5B2B00EBD3FD /* Assets.xcassets */; };
		2FFFFAC91DBA5B2B00EBD3FD /* LaunchScreen.storyboard in Resources */ = {isa = PBXBuildFile; fileRef = 2FFFFAC71DBA5B2B00EBD3FD /* LaunchScreen.storyboard */; };
/* End PBXBuildFile section */

/* Begin PBXFileReference section */
		2FFFFAB61DBA5B2B00EBD3FD /* HMWebImage.app */ = {isa = PBXFileReference; explicitFileType = wrapper.application; includeInIndex = 0; path = HMWebImage.app; sourceTree = BUILT_PRODUCTS_DIR; };
		2FFFFABA1DBA5B2B00EBD3FD /* main.m */ = {isa = PBXFileReference; lastKnownFileType = sourcecode.c.objc; path = main.m; sourceTree = "<group>"; };
		2FFFFABC1DBA5B2B00EBD3FD /* AppDelegate.h */ = {isa = PBXFileReference; lastKnownFileType = sourcecode.c.h; path = AppDelegate.h; sourceTree = "<group>"; };
		2FFFFABD1DBA5B2B00EBD3FD /* AppDelegate.m */ = {isa = PBXFileReference; lastKnownFileType = sourcecode.c.objc; path = AppDelegate.m; sourceTree = "<group>"; };
		2FFFFABF1DBA5B2B00EBD3FD /* ViewController.h */ = {isa = PBXFileReference; lastKnownFileType = sourcecode.c.h; path = ViewController.h; sourceTree = "<group>"; };
		2FFFFAC01DBA5B2B00EBD3FD /* ViewController.m */ = {isa = PBXFileReference; lastKnownFileType = sourcecode.c.objc; path = ViewController.m; sourceTree = "<group>"; };
		2FFFFAC31DBA5B2B00EBD3FD /* Base */ = {isa = PBXFileReference; lastKnownFileType = file.storyboard; name = Base; path = Base.lproj/Main.storyboard; sourceTree = "<group>"; };
		2FFFFAC51DBA5B2B00EBD3FD /* Assets.xcassets */ = {isa = PBXFileReference; lastKnownFileType = folder.assetcatalog; path = Assets.xcassets; sourceTree = "<group>"; };
		2FFFFAC81DBA5B2B00EBD3FD /* Base */ = {isa = PBXFileReference; lastKnownFileType = file.storyboard; name = Base; path = Base.lproj/LaunchScreen.storyboard; sourceTree = "<group>"; };
		2FFFFACA1DBA5B2B00EBD3FD /* Info.plist */ = {isa = PBXFileReference; lastKnownFileType = text.plist.xml; path = Info.plist; sourceTree = "<group>"; };
/* End PBXFileReference section */

/* Begin PBXFrameworksBuildPhase section */
		2FFFFAB31DBA5B2B00EBD3FD /* Frameworks */ = {
			isa = PBXFrameworksBuildPhase;
			buildActionMask = 2147483647;
			files = (
			);
			runOnlyForDeploymentPostprocessing = 0;
		};
/* End PBXFrameworksBuildPhase section */

/* Begin PBXGroup section */
		2FFFFAAD1DBA5B2B00EBD3FD = {
			isa = PBXGroup;
			children = (
				2FFFFAB81DBA5B2B00EBD3FD /* HMWebImage */,
				2FFFFAB71DBA5B2B00EBD3FD /* Products */,
			);
			sourceTree = "<group>";
		};
		2FFFFAB71DBA5B2B00EBD3FD /* Products */ = {
			isa = PBXGroup;
			children = (
				2FFFFAB61DBA5B2B00EBD3FD /* HMWebImage.app */,
			);
			name = Products;
			sourceTree = "<group>";
		};
		2FFFFAB81DBA5B2B00EBD3FD /* HMWebImage */ = {
			isa = PBXGroup;
			children = (
				2FFFFABC1DBA5B2B00EBD3FD /* AppDelegate.h */,
				2FFFFABD1DBA5B2B00EBD3FD /* AppDelegate.m */,
				2FFFFABF1DBA5B2B00EBD3FD /* ViewController.h */,
				2FFFFAC01DBA5B2B00EBD3FD /* ViewController.m */,
				2FFFFAC21DBA5B2B00EBD3FD /* Main.storyboard */,
				2FFFFAC51DBA5B2B00EBD3FD /* Assets.xcassets */,
				2FFFFAC71DBA5B2B00EBD3FD /* LaunchScreen.storyboard */,
				2FFFFACA1DBA5B2B00EBD3FD /* Info.plist */,
				2FFFFAB91DBA5B2B00EBD3FD /* Supporting Files */,
			);
			path = HMWebImage;
			sourceTree = "<group>";
		};
		2FFFFAB91DBA5B2B00EBD3FD /* Supporting Files */ = {
			isa = PBXGroup;
			children = (
				2FFFFABA1DBA5B2B00EBD3FD /* main.m */,
			);
			name = "Supporting Files";
			sourceTree = "<group>";
		};
/* End PBXGroup section */

/* Begin PBXNativeTarget section */
		2FFFFAB51DBA5B2B00EBD3FD /* HMWebImage */ = {
			isa = PBXNativeTarget;
			buildConfigurationList = 2FFFFACD1DBA5B2B00EBD3FD /* Build configuration list for PBXNativeTarget "HMWebImage" */;
			buildPhases = (
				2FFFFAB21DBA5B2B00EBD3FD /* Sources */,
				2FFFFAB31DBA5B2B00EBD3FD /* Frameworks */,
				2FFFFAB41DBA5B2B00EBD3FD /* Resources */,
			);
			buildRules = (
			);
			dependencies = (
			);
			name = HMWebImage;
			productName = HMWebImage;
			productReference = 2FFFFAB61DBA5B2B00EBD3FD /* HMWebImage.app */;
			productType = "com.apple.product-type.application";
		};
/* End PBXNativeTarget section */

/* Begin PBXProject section */
		2FFFFAAE1DBA5B2B00EBD3FD /* Project object */ = {
			isa = PBXProject;
			attributes = {
				LastUpgradeCheck = 0800;
				ORGANIZATIONNAME = zhangjie;
				TargetAttributes = {
					2FFFFAB51DBA5B2B00EBD3FD = {
						CreatedOnToolsVersion = 8.0;
						ProvisioningStyle = Automatic;
					};
				};
			};
			buildConfigurationList = 2FFFFAB11DBA5B2B00EBD3FD /* Build configuration list for PBXProject "HMWebImage" */;
			compatibilityVersion = "Xcode 3.2";
			developmentRegion = English;
			hasScannedForEncodings = 0;
			knownRegions = (
				en,
				Base,
			);
			mainGroup = 2FFFFAAD1DBA5B2B00EBD3FD;
			productRefGroup = 2FFFFAB71DBA5B2B00EBD3FD /* Products */;
			projectDirPath = "";
			projectRoot = "";
			targets = (
				2FFFFAB51DBA5B2B00EBD3FD /* HMWebImage */,
			);
		};
/* End PBXProject section */

/* Begin PBXResourcesBuildPhase section */
		2FFFFAB41DBA5B2B00EBD3FD /* Resources */ = {
			isa = PBXResourcesBuildPhase;
			buildActionMask = 2147483647;
			files = (
				2FFFFAC91DBA5B2B00EBD3FD /* LaunchScreen.storyboard in Resources */,
				2FFFFAC61DBA5B2B00EBD3FD /* Assets.xcassets in Resources */,
				2FFFFAC41DBA5B2B00EBD3FD /* Main.storyboard in Resources */,
			);
			runOnlyForDeploymentPostprocessing = 0;
		};
/* End PBXResourcesBuildPhase section */

/* Begin PBXSourcesBuildPhase section */
		2FFFFAB21DBA5B2B00EBD3FD /* Sources */ = {
			isa = PBXSourcesBuildPhase;
			buildActionMask = 2147483647;
			files = (
				2FFFFAC11DBA5B2B00EBD3FD /* ViewController.m in Sources */,
				2FFFFABE1DBA5B2B00EBD3FD /* AppDelegate.m in Sources */,
				2FFFFABB1DBA5B2B00EBD3FD /* main.m in Sources */,
			);
			runOnlyForDeploymentPostprocessing = 0;
		};
/* End PBXSourcesBuildPhase section */

/* Begin PBXVariantGroup section */
		2FFFFAC21DBA5B2B00EBD3FD /* Main.storyboard */ = {
			isa = PBXVariantGroup;
			children = (
				2FFFFAC31DBA5B2B00EBD3FD /* Base */,
			);
			name = Main.storyboard;
			sourceTree = "<group>";
		};
		2FFFFAC71DBA5B2B00EBD3FD /* LaunchScreen.storyboard */ = {
			isa = PBXVariantGroup;
			children = (
				2FFFFAC81DBA5B2B00EBD3FD /* Base */,
			);
			name = LaunchScreen.storyboard;
			sourceTree = "<group>";
		};
/* End PBXVariantGroup section */

/* Begin XCBuildConfiguration section */
		2FFFFACB1DBA5B2B00EBD3FD /* Debug */ = {
			isa = XCBuildConfiguration;
			buildSettings = {
				ALWAYS_SEARCH_USER_PATHS = NO;
				CLANG_ANALYZER_NONNULL = YES;
				CLANG_CXX_LANGUAGE_STANDARD = "gnu++0x";
				CLANG_CXX_LIBRARY = "libc++";
				CLANG_ENABLE_MODULES = YES;
				CLANG_ENABLE_OBJC_ARC = YES;
				CLANG_WARN_BOOL_CONVERSION = YES;
				CLANG_WARN_CONSTANT_CONVERSION = YES;
				CLANG_WARN_DIRECT_OBJC_ISA_USAGE = YES_ERROR;
				CLANG_WARN_DOCUMENTATION_COMMENTS = YES;
				CLANG_WARN_EMPTY_BODY = YES;
				CLANG_WARN_ENUM_CONVERSION = YES;
				CLANG_WARN_INFINITE_RECURSION = YES;
				CLANG_WARN_INT_CONVERSION = YES;
				CLANG_WARN_OBJC_ROOT_CLASS = YES_ERROR;
				CLANG_WARN_SUSPICIOUS_MOVES = YES;
				CLANG_WARN_UNREACHABLE_CODE = YES;
				CLANG_WARN__DUPLICATE_METHOD_MATCH = YES;
				"CODE_SIGN_IDENTITY[sdk=iphoneos*]" = "iPhone Developer";
				COPY_PHASE_STRIP = NO;
				DEBUG_INFORMATION_FORMAT = dwarf;
				ENABLE_STRICT_OBJC_MSGSEND = YES;
				ENABLE_TESTABILITY = YES;
				GCC_C_LANGUAGE_STANDARD = gnu99;
				GCC_DYNAMIC_NO_PIC = NO;
				GCC_NO_COMMON_BLOCKS = YES;
				GCC_OPTIMIZATION_LEVEL = 0;
				GCC_PREPROCESSOR_DEFINITIONS = (
					"DEBUG=1",
					"$(inherited)",
				);
				GCC_WARN_64_TO_32_BIT_CONVERSION = YES;
				GCC_WARN_ABOUT_RETURN_TYPE = YES_ERROR;
				GCC_WARN_UNDECLARED_SELECTOR = YES;
				GCC_WARN_UNINITIALIZED_AUTOS = YES_AGGRESSIVE;
				GCC_WARN_UNUSED_FUNCTION = YES;
				GCC_WARN_UNUSED_VARIABLE = YES;
				IPHONEOS_DEPLOYMENT_TARGET = 10.0;
				MTL_ENABLE_DEBUG_INFO = YES;
				ONLY_ACTIVE_ARCH = YES;
				SDKROOT = iphoneos;
			};
			name = Debug;
		};
		2FFFFACC1DBA5B2B00EBD3FD /* Release */ = {
			isa = XCBuildConfiguration;
			buildSettings = {
				ALWAYS_SEARCH_USER_PATHS = NO;
				CLANG_ANALYZER_NONNULL = YES;
				CLANG_CXX_LANGUAGE_STANDARD = "gnu++0x";
				CLANG_CXX_LIBRARY = "libc++";
				CLANG_ENABLE_MODULES = YES;
				CLANG_ENABLE_OBJC_ARC = YES;
				CLANG_WARN_BOOL_CONVERSION = YES;
				CLANG_WARN_CONSTANT_CONVERSION = YES;
				CLANG_WARN_DIRECT_OBJC_ISA_USAGE = YES_ERROR;
				CLANG_WARN_DOCUMENTATION_COMMENTS = YES;
				CLANG_WARN_EMPTY_BODY = YES;
				CLANG_WARN_ENUM_CONVERSION = YES;
				CLANG_WARN_INFINITE_RECURSION = YES;
				CLANG_WARN_INT_CONVERSION = YES;
				CLANG_WARN_OBJC_ROOT_CLASS = YES_ERROR;
				CLANG_WARN_SUSPICIOUS_MOVES = YES;
				CLANG_WARN_UNREACHABLE_CODE = YES;
				CLANG_WARN__DUPLICATE_METHOD_MATCH = YES;
				"CODE_SIGN_IDENTITY[sdk=iphoneos*]" = "iPhone Developer";
				COPY_PHASE_STRIP = NO;
				DEBUG_INFORMATION_FORMAT = "dwarf-with-dsym";
				ENABLE_NS_ASSERTIONS = NO;
				ENABLE_STRICT_OBJC_MSGSEND = YES;
				GCC_C_LANGUAGE_STANDARD = gnu99;
				GCC_NO_COMMON_BLOCKS = YES;
				GCC_WARN_64_TO_32_BIT_CONVERSION = YES;
				GCC_WARN_ABOUT_RETURN_TYPE = YES_ERROR;
				GCC_WARN_UNDECLARED_SELECTOR = YES;
				GCC_WARN_UNINITIALIZED_AUTOS = YES_AGGRESSIVE;
				GCC_WARN_UNUSED_FUNCTION = YES;
				GCC_WARN_UNUSED_VARIABLE = YES;
				IPHONEOS_DEPLOYMENT_TARGET = 10.0;
				MTL_ENABLE_DEBUG_INFO = NO;
				SDKROOT = iphoneos;
				VALIDATE_PRODUCT = YES;
			};
			name = Release;
		};
		2FFFFACE1DBA5B2B00EBD3FD /* Debug */ = {
			isa = XCBuildConfiguration;
			buildSettings = {
				ASSETCATALOG_COMPILER_APPICON_NAME = AppIcon;
				INFOPLIST_FILE = HMWebImage/Info.plist;
				LD_RUNPATH_SEARCH_PATHS = "$(inherited) @executable_path/Frameworks";
				PRODUCT_BUNDLE_IDENTIFIER = xiaojie.HMWebImage;
				PRODUCT_NAME = "$(TARGET_NAME)";
			};
			name = Debug;
		};
		2FFFFACF1DBA5B2B00EBD3FD /* Release */ = {
			isa = XCBuildConfiguration;
			buildSettings = {
				ASSETCATALOG_COMPILER_APPICON_NAME = AppIcon;
				INFOPLIST_FILE = HMWebImage/Info.plist;
				LD_RUNPATH_SEARCH_PATHS = "$(inherited) @executable_path/Frameworks";
				PRODUCT_BUNDLE_IDENTIFIER = xiaojie.HMWebImage;
				PRODUCT_NAME = "$(TARGET_NAME)";
			};
			name = Release;
		};
/* End XCBuildConfiguration section */

/* Begin XCConfigurationList section */
		2FFFFAB11DBA5B2B00EBD3FD /* Build configuration list for PBXProject "HMWebImage" */ = {
			isa = XCConfigurationList;
			buildConfigurations = (
				2FFFFACB1DBA5B2B00EBD3FD /* Debug */,
				2FFFFACC1DBA5B2B00EBD3FD /* Release */,
			);
			defaultConfigurationIsVisible = 0;
			defaultConfigurationName = Release;
		};
		2FFFFACD1DBA5B2B00EBD3FD /* Build configuration list for PBXNativeTarget "HMWebImage" */ = {
			isa = XCConfigurationList;
			buildConfigurations = (
				2FFFFACE1DBA5B2B00EBD3FD /* Debug */,
				2FFFFACF1DBA5B2B00EBD3FD /* Release */,
			);
			defaultConfigurationIsVisible = 0;
		};
/* End XCConfigurationList section */
	};
	rootObject = 2FFFFAAE1DBA5B2B00EBD3FD /* Project object */;
}
